// !$*UTF8*$!
{
	archiveVersion = 1;
	classes = {
	};
	objectVersion = 56;
	objects = {

/* Begin PBXBuildFile section */
		734D399528DD8ACE0061DC6D /* SystemCall.h in Headers */ = {isa = PBXBuildFile; fileRef = 734D394D28DD8ACE0061DC6D /* SystemCall.h */; settings = {ATTRIBUTES = (Public, ); }; };
		734D3A2428DDEDDB0061DC6D /* z_stat.h in Headers */ = {isa = PBXBuildFile; fileRef = 734D39DE28DDEDD80061DC6D /* z_stat.h */; settings = {ATTRIBUTES = (Public, ); }; };
		734D3A2528DDEDDB0061DC6D /* z_wait.c in Sources */ = {isa = PBXBuildFile; fileRef = 734D39DF28DDEDD80061DC6D /* z_wait.c */; };
		734D3A2628DDEDDB0061DC6D /* z_dirent.h in Headers */ = {isa = PBXBuildFile; fileRef = 734D39E028DDEDD90061DC6D /* z_dirent.h */; settings = {ATTRIBUTES = (Public, ); }; };
		734D3A2728DDEDDB0061DC6D /* z_mount.c in Sources */ = {isa = PBXBuildFile; fileRef = 734D39E128DDEDD90061DC6D /* z_mount.c */; };
		734D3A2828DDEDDB0061DC6D /* z_signal.h in Headers */ = {isa = PBXBuildFile; fileRef = 734D39E228DDEDD90061DC6D /* z_signal.h */; settings = {ATTRIBUTES = (Public, ); }; };
		734D3A2928DDEDDB0061DC6D /* z_stdlib.h in Headers */ = {isa = PBXBuildFile; fileRef = 734D39E328DDEDD90061DC6D /* z_stdlib.h */; settings = {ATTRIBUTES = (Public, ); }; };
		734D3A2A28DDEDDB0061DC6D /* z_atexit.h in Headers */ = {isa = PBXBuildFile; fileRef = 734D39E428DDEDD90061DC6D /* z_atexit.h */; settings = {ATTRIBUTES = (Public, ); }; };
		734D3A2B28DDEDDB0061DC6D /* z_shm.c in Sources */ = {isa = PBXBuildFile; fileRef = 734D39E528DDEDD90061DC6D /* z_shm.c */; };
		734D3A2C28DDEDDB0061DC6D /* z_socket.c in Sources */ = {isa = PBXBuildFile; fileRef = 734D39E628DDEDD90061DC6D /* z_socket.c */; };
		734D3A2D28DDEDDB0061DC6D /* z_mach.S in Sources */ = {isa = PBXBuildFile; fileRef = 734D39E728DDEDD90061DC6D /* z_mach.S */; };
		734D3A2E28DDEDDB0061DC6D /* z_semaphore.h in Headers */ = {isa = PBXBuildFile; fileRef = 734D39E828DDEDD90061DC6D /* z_semaphore.h */; settings = {ATTRIBUTES = (Public, ); }; };
		734D3A2F28DDEDDB0061DC6D /* z_uccontext.c in Sources */ = {isa = PBXBuildFile; fileRef = 734D39E928DDEDD90061DC6D /* z_uccontext.c */; };
		734D3A3028DDEDDB0061DC6D /* z_utils.c in Sources */ = {isa = PBXBuildFile; fileRef = 734D39EA28DDEDD90061DC6D /* z_utils.c */; };
		734D3A3128DDEDDB0061DC6D /* z_stdlib.c in Sources */ = {isa = PBXBuildFile; fileRef = 734D39EB28DDEDD90061DC6D /* z_stdlib.c */; };
		734D3A3228DDEDDB0061DC6D /* z_resource.c in Sources */ = {isa = PBXBuildFile; fileRef = 734D39EC28DDEDD90061DC6D /* z_resource.c */; };
		734D3A3328DDEDDB0061DC6D /* z_fcntl.c in Sources */ = {isa = PBXBuildFile; fileRef = 734D39ED28DDEDD90061DC6D /* z_fcntl.c */; };
		734D3A3428DDEDDB0061DC6D /* z_atexit.c in Sources */ = {isa = PBXBuildFile; fileRef = 734D39EE28DDEDD90061DC6D /* z_atexit.c */; };
		734D3A3528DDEDDB0061DC6D /* z_dirent.c in Sources */ = {isa = PBXBuildFile; fileRef = 734D39EF28DDEDD90061DC6D /* z_dirent.c */; };
		734D3A3628DDEDDB0061DC6D /* z_fork.s in Sources */ = {isa = PBXBuildFile; fileRef = 734D39F028DDEDD90061DC6D /* z_fork.s */; };
		734D3A3728DDEDDB0061DC6D /* z_error.c in Sources */ = {isa = PBXBuildFile; fileRef = 734D39F128DDEDD90061DC6D /* z_error.c */; };
		734D3A3828DDEDDB0061DC6D /* z_string.c in Sources */ = {isa = PBXBuildFile; fileRef = 734D39F228DDEDD90061DC6D /* z_string.c */; };
		734D3A3928DDEDDB0061DC6D /* z_mount.h in Headers */ = {isa = PBXBuildFile; fileRef = 734D39F328DDEDD90061DC6D /* z_mount.h */; settings = {ATTRIBUTES = (Public, ); }; };
		734D3A3A28DDEDDB0061DC6D /* z_syscall.c in Sources */ = {isa = PBXBuildFile; fileRef = 734D39F428DDEDD90061DC6D /* z_syscall.c */; };
		734D3A3B28DDEDDB0061DC6D /* z_sysctl.h in Headers */ = {isa = PBXBuildFile; fileRef = 734D39F528DDEDD90061DC6D /* z_sysctl.h */; settings = {ATTRIBUTES = (Public, ); }; };
		734D3A3C28DDEDDB0061DC6D /* z_error.h in Headers */ = {isa = PBXBuildFile; fileRef = 734D39F628DDEDD90061DC6D /* z_error.h */; settings = {ATTRIBUTES = (Public, ); }; };
		734D3A3D28DDEDDB0061DC6D /* z_mman.h in Headers */ = {isa = PBXBuildFile; fileRef = 734D39F728DDEDD90061DC6D /* z_mman.h */; settings = {ATTRIBUTES = (Public, ); }; };
		734D3A3E28DDEDDB0061DC6D /* z_lock.h in Headers */ = {isa = PBXBuildFile; fileRef = 734D39F828DDEDD90061DC6D /* z_lock.h */; settings = {ATTRIBUTES = (Public, ); }; };
		734D3A3F28DDEDDB0061DC6D /* z_mman.c in Sources */ = {isa = PBXBuildFile; fileRef = 734D39F928DDEDDA0061DC6D /* z_mman.c */; };
		734D3A4028DDEDDB0061DC6D /* z_mach_trap.h in Headers */ = {isa = PBXBuildFile; fileRef = 734D39FA28DDEDDA0061DC6D /* z_mach_trap.h */; settings = {ATTRIBUTES = (Public, ); }; };
		734D3A4128DDEDDB0061DC6D /* z_semaphore.c in Sources */ = {isa = PBXBuildFile; fileRef = 734D39FB28DDEDDA0061DC6D /* z_semaphore.c */; };
		734D3A4228DDEDDB0061DC6D /* z_stdio.c in Sources */ = {isa = PBXBuildFile; fileRef = 734D39FC28DDEDDA0061DC6D /* z_stdio.c */; };
		734D3A4328DDEDDB0061DC6D /* z_fcntl.h in Headers */ = {isa = PBXBuildFile; fileRef = 734D39FD28DDEDDA0061DC6D /* z_fcntl.h */; settings = {ATTRIBUTES = (Public, ); }; };
		734D3A4428DDEDDB0061DC6D /* z_termios.h in Headers */ = {isa = PBXBuildFile; fileRef = 734D39FE28DDEDDA0061DC6D /* z_termios.h */; settings = {ATTRIBUTES = (Public, ); }; };
		734D3A4528DDEDDB0061DC6D /* z_resource.h in Headers */ = {isa = PBXBuildFile; fileRef = 734D39FF28DDEDDA0061DC6D /* z_resource.h */; settings = {ATTRIBUTES = (Public, ); }; };
		734D3A4628DDEDDB0061DC6D /* z_tsd.c in Sources */ = {isa = PBXBuildFile; fileRef = 734D3A0028DDEDDA0061DC6D /* z_tsd.c */; };
		734D3A4728DDEDDB0061DC6D /* z_select.h in Headers */ = {isa = PBXBuildFile; fileRef = 734D3A0128DDEDDA0061DC6D /* z_select.h */; settings = {ATTRIBUTES = (Public, ); }; };
		734D3A4828DDEDDB0061DC6D /* z_mach.c in Sources */ = {isa = PBXBuildFile; fileRef = 734D3A0228DDEDDA0061DC6D /* z_mach.c */; };
		734D3A4928DDEDDB0061DC6D /* z_select.c in Sources */ = {isa = PBXBuildFile; fileRef = 734D3A0328DDEDDA0061DC6D /* z_select.c */; };
		734D3A4A28DDEDDB0061DC6D /* z_ptrace.c in Sources */ = {isa = PBXBuildFile; fileRef = 734D3A0428DDEDDA0061DC6D /* z_ptrace.c */; };
		734D3A4B28DDEDDB0061DC6D /* z_mach.h in Headers */ = {isa = PBXBuildFile; fileRef = 734D3A0528DDEDDA0061DC6D /* z_mach.h */; settings = {ATTRIBUTES = (Public, ); }; };
		734D3A4C28DDEDDB0061DC6D /* z_stdio.h in Headers */ = {isa = PBXBuildFile; fileRef = 734D3A0628DDEDDA0061DC6D /* z_stdio.h */; settings = {ATTRIBUTES = (Public, ); }; };
		734D3A4D28DDEDDB0061DC6D /* z_ioctl.c in Sources */ = {isa = PBXBuildFile; fileRef = 734D3A0728DDEDDA0061DC6D /* z_ioctl.c */; };
		734D3A4E28DDEDDB0061DC6D /* z_lock.c in Sources */ = {isa = PBXBuildFile; fileRef = 734D3A0828DDEDDA0061DC6D /* z_lock.c */; };
		734D3A4F28DDEDDB0061DC6D /* z_syscall.S in Sources */ = {isa = PBXBuildFile; fileRef = 734D3A0928DDEDDA0061DC6D /* z_syscall.S */; };
		734D3A5028DDEDDB0061DC6D /* z_uccontext.s in Sources */ = {isa = PBXBuildFile; fileRef = 734D3A0A28DDEDDA0061DC6D /* z_uccontext.s */; };
		734D3A5128DDEDDB0061DC6D /* z_socket.h in Headers */ = {isa = PBXBuildFile; fileRef = 734D3A0B28DDEDDA0061DC6D /* z_socket.h */; settings = {ATTRIBUTES = (Public, ); }; };
		734D3A5228DDEDDB0061DC6D /* z_unistd.c in Sources */ = {isa = PBXBuildFile; fileRef = 734D3A0C28DDEDDA0061DC6D /* z_unistd.c */; };
		734D3A5328DDEDDB0061DC6D /* z_shm.h in Headers */ = {isa = PBXBuildFile; fileRef = 734D3A0D28DDEDDA0061DC6D /* z_shm.h */; settings = {ATTRIBUTES = (Public, ); }; };
		734D3A5428DDEDDB0061DC6D /* z_tsd.h in Headers */ = {isa = PBXBuildFile; fileRef = 734D3A0E28DDEDDA0061DC6D /* z_tsd.h */; settings = {ATTRIBUTES = (Public, ); }; };
		734D3A5528DDEDDB0061DC6D /* z_uccontext.h in Headers */ = {isa = PBXBuildFile; fileRef = 734D3A0F28DDEDDA0061DC6D /* z_uccontext.h */; settings = {ATTRIBUTES = (Public, ); }; };
		734D3A5628DDEDDB0061DC6D /* z_machO.c in Sources */ = {isa = PBXBuildFile; fileRef = 734D3A1028DDEDDA0061DC6D /* z_machO.c */; };
		734D3A5728DDEDDB0061DC6D /* z_ioctl.h in Headers */ = {isa = PBXBuildFile; fileRef = 734D3A1128DDEDDA0061DC6D /* z_ioctl.h */; settings = {ATTRIBUTES = (Public, ); }; };
		734D3A5828DDEDDB0061DC6D /* z_wait.h in Headers */ = {isa = PBXBuildFile; fileRef = 734D3A1228DDEDDA0061DC6D /* z_wait.h */; settings = {ATTRIBUTES = (Public, ); }; };
		734D3A5928DDEDDB0061DC6D /* z_malloc.h in Headers */ = {isa = PBXBuildFile; fileRef = 734D3A1328DDEDDB0061DC6D /* z_malloc.h */; settings = {ATTRIBUTES = (Public, ); }; };
		734D3A5A28DDEDDB0061DC6D /* z_machO.h in Headers */ = {isa = PBXBuildFile; fileRef = 734D3A1428DDEDDB0061DC6D /* z_machO.h */; settings = {ATTRIBUTES = (Public, ); }; };
		734D3A5B28DDEDDB0061DC6D /* z_termios.c in Sources */ = {isa = PBXBuildFile; fileRef = 734D3A1528DDEDDB0061DC6D /* z_termios.c */; };
		734D3A5C28DDEDDB0061DC6D /* z_utils.h in Headers */ = {isa = PBXBuildFile; fileRef = 734D3A1628DDEDDB0061DC6D /* z_utils.h */; settings = {ATTRIBUTES = (Public, ); }; };
		734D3A5D28DDEDDB0061DC6D /* z_syscall.h in Headers */ = {isa = PBXBuildFile; fileRef = 734D3A1728DDEDDB0061DC6D /* z_syscall.h */; settings = {ATTRIBUTES = (Public, ); }; };
		734D3A5E28DDEDDB0061DC6D /* z_mach_trap.c in Sources */ = {isa = PBXBuildFile; fileRef = 734D3A1828DDEDDB0061DC6D /* z_mach_trap.c */; };
		734D3A5F28DDEDDB0061DC6D /* z_main.c in Sources */ = {isa = PBXBuildFile; fileRef = 734D3A1928DDEDDB0061DC6D /* z_main.c */; };
		734D3A6028DDEDDB0061DC6D /* z_ptrace.h in Headers */ = {isa = PBXBuildFile; fileRef = 734D3A1A28DDEDDB0061DC6D /* z_ptrace.h */; settings = {ATTRIBUTES = (Public, ); }; };
		734D3A6128DDEDDB0061DC6D /* z_types.h in Headers */ = {isa = PBXBuildFile; fileRef = 734D3A1B28DDEDDB0061DC6D /* z_types.h */; settings = {ATTRIBUTES = (Public, ); }; };
		734D3A6228DDEDDB0061DC6D /* z_stat.c in Sources */ = {isa = PBXBuildFile; fileRef = 734D3A1C28DDEDDB0061DC6D /* z_stat.c */; };
		734D3A6328DDEDDB0061DC6D /* z_sysctl.c in Sources */ = {isa = PBXBuildFile; fileRef = 734D3A1D28DDEDDB0061DC6D /* z_sysctl.c */; };
		734D3A6428DDEDDB0061DC6D /* z_unistd.h in Headers */ = {isa = PBXBuildFile; fileRef = 734D3A1E28DDEDDB0061DC6D /* z_unistd.h */; settings = {ATTRIBUTES = (Public, ); }; };
		734D3A6528DDEDDB0061DC6D /* z_time.c in Sources */ = {isa = PBXBuildFile; fileRef = 734D3A1F28DDEDDB0061DC6D /* z_time.c */; };
		734D3A6628DDEDDB0061DC6D /* z_time.h in Headers */ = {isa = PBXBuildFile; fileRef = 734D3A2028DDEDDB0061DC6D /* z_time.h */; settings = {ATTRIBUTES = (Public, ); }; };
		734D3A6728DDEDDB0061DC6D /* z_string.h in Headers */ = {isa = PBXBuildFile; fileRef = 734D3A2128DDEDDB0061DC6D /* z_string.h */; settings = {ATTRIBUTES = (Public, ); }; };
		734D3A6828DDEDDB0061DC6D /* z_malloc.c in Sources */ = {isa = PBXBuildFile; fileRef = 734D3A2228DDEDDB0061DC6D /* z_malloc.c */; };
		734D3A6928DDEDDB0061DC6D /* z_signal.c in Sources */ = {isa = PBXBuildFile; fileRef = 734D3A2328DDEDDB0061DC6D /* z_signal.c */; };
		734D3A7128DE0B6B0061DC6D /* z_pthread_tsd.c in Sources */ = {isa = PBXBuildFile; fileRef = 734D3A6A28DE0B6B0061DC6D /* z_pthread_tsd.c */; };
		734D3A7228DE0B6B0061DC6D /* z_pthread_tsd.h in Headers */ = {isa = PBXBuildFile; fileRef = 734D3A6B28DE0B6B0061DC6D /* z_pthread_tsd.h */; settings = {ATTRIBUTES = (Public, ); }; };
		734D3A7328DE0B6B0061DC6D /* z_pthread_tlv.c in Sources */ = {isa = PBXBuildFile; fileRef = 734D3A6C28DE0B6B0061DC6D /* z_pthread_tlv.c */; };
		734D3A7428DE0B6B0061DC6D /* z_pthread.h in Headers */ = {isa = PBXBuildFile; fileRef = 734D3A6D28DE0B6B0061DC6D /* z_pthread.h */; settings = {ATTRIBUTES = (Public, ); }; };
		734D3A7528DE0B6B0061DC6D /* z_pthread_tlv.h in Headers */ = {isa = PBXBuildFile; fileRef = 734D3A6E28DE0B6B0061DC6D /* z_pthread_tlv.h */; settings = {ATTRIBUTES = (Public, ); }; };
		734D3A7628DE0B6C0061DC6D /* z_pthread.c in Sources */ = {isa = PBXBuildFile; fileRef = 734D3A6F28DE0B6B0061DC6D /* z_pthread.c */; };
		734D3A7728DE0B6C0061DC6D /* z_pthread.S in Sources */ = {isa = PBXBuildFile; fileRef = 734D3A7028DE0B6B0061DC6D /* z_pthread.S */; };
/* End PBXBuildFile section */

/* Begin PBXFileReference section */
		734D394328DD8A860061DC6D /* SystemCall.framework */ = {isa = PBXFileReference; explicitFileType = wrapper.framework; includeInIndex = 0; path = SystemCall.framework; sourceTree = BUILT_PRODUCTS_DIR; };
		734D394D28DD8ACE0061DC6D /* SystemCall.h */ = {isa = PBXFileReference; fileEncoding = 4; lastKnownFileType = sourcecode.c.h; path = SystemCall.h; sourceTree = "<group>"; };
		734D39DE28DDEDD80061DC6D /* z_stat.h */ = {isa = PBXFileReference; fileEncoding = 4; lastKnownFileType = sourcecode.c.h; path = z_stat.h; sourceTree = "<group>"; };
		734D39DF28DDEDD80061DC6D /* z_wait.c */ = {isa = PBXFileReference; fileEncoding = 4; lastKnownFileType = sourcecode.c.c; path = z_wait.c; sourceTree = "<group>"; };
		734D39E028DDEDD90061DC6D /* z_dirent.h */ = {isa = PBXFileReference; fileEncoding = 4; lastKnownFileType = sourcecode.c.h; path = z_dirent.h; sourceTree = "<group>"; };
		734D39E128DDEDD90061DC6D /* z_mount.c */ = {isa = PBXFileReference; fileEncoding = 4; lastKnownFileType = sourcecode.c.c; path = z_mount.c; sourceTree = "<group>"; };
		734D39E228DDEDD90061DC6D /* z_signal.h */ = {isa = PBXFileReference; fileEncoding = 4; lastKnownFileType = sourcecode.c.h; path = z_signal.h; sourceTree = "<group>"; };
		734D39E328DDEDD90061DC6D /* z_stdlib.h */ = {isa = PBXFileReference; fileEncoding = 4; lastKnownFileType = sourcecode.c.h; path = z_stdlib.h; sourceTree = "<group>"; };
		734D39E428DDEDD90061DC6D /* z_atexit.h */ = {isa = PBXFileReference; fileEncoding = 4; lastKnownFileType = sourcecode.c.h; path = z_atexit.h; sourceTree = "<group>"; };
		734D39E528DDEDD90061DC6D /* z_shm.c */ = {isa = PBXFileReference; fileEncoding = 4; lastKnownFileType = sourcecode.c.c; path = z_shm.c; sourceTree = "<group>"; };
		734D39E628DDEDD90061DC6D /* z_socket.c */ = {isa = PBXFileReference; fileEncoding = 4; lastKnownFileType = sourcecode.c.c; path = z_socket.c; sourceTree = "<group>"; };
		734D39E728DDEDD90061DC6D /* z_mach.S */ = {isa = PBXFileReference; fileEncoding = 4; lastKnownFileType = sourcecode.asm; path = z_mach.S; sourceTree = "<group>"; };
		734D39E828DDEDD90061DC6D /* z_semaphore.h */ = {isa = PBXFileReference; fileEncoding = 4; lastKnownFileType = sourcecode.c.h; path = z_semaphore.h; sourceTree = "<group>"; };
		734D39E928DDEDD90061DC6D /* z_uccontext.c */ = {isa = PBXFileReference; fileEncoding = 4; lastKnownFileType = sourcecode.c.c; path = z_uccontext.c; sourceTree = "<group>"; };
		734D39EA28DDEDD90061DC6D /* z_utils.c */ = {isa = PBXFileReference; fileEncoding = 4; lastKnownFileType = sourcecode.c.c; path = z_utils.c; sourceTree = "<group>"; };
		734D39EB28DDEDD90061DC6D /* z_stdlib.c */ = {isa = PBXFileReference; fileEncoding = 4; lastKnownFileType = sourcecode.c.c; path = z_stdlib.c; sourceTree = "<group>"; };
		734D39EC28DDEDD90061DC6D /* z_resource.c */ = {isa = PBXFileReference; fileEncoding = 4; lastKnownFileType = sourcecode.c.c; path = z_resource.c; sourceTree = "<group>"; };
		734D39ED28DDEDD90061DC6D /* z_fcntl.c */ = {isa = PBXFileReference; fileEncoding = 4; lastKnownFileType = sourcecode.c.c; path = z_fcntl.c; sourceTree = "<group>"; };
		734D39EE28DDEDD90061DC6D /* z_atexit.c */ = {isa = PBXFileReference; fileEncoding = 4; lastKnownFileType = sourcecode.c.c; path = z_atexit.c; sourceTree = "<group>"; };
		734D39EF28DDEDD90061DC6D /* z_dirent.c */ = {isa = PBXFileReference; fileEncoding = 4; lastKnownFileType = sourcecode.c.c; path = z_dirent.c; sourceTree = "<group>"; };
		734D39F028DDEDD90061DC6D /* z_fork.s */ = {isa = PBXFileReference; fileEncoding = 4; lastKnownFileType = sourcecode.asm; path = z_fork.s; sourceTree = "<group>"; };
		734D39F128DDEDD90061DC6D /* z_error.c */ = {isa = PBXFileReference; fileEncoding = 4; lastKnownFileType = sourcecode.c.c; path = z_error.c; sourceTree = "<group>"; };
		734D39F228DDEDD90061DC6D /* z_string.c */ = {isa = PBXFileReference; fileEncoding = 4; lastKnownFileType = sourcecode.c.c; path = z_string.c; sourceTree = "<group>"; };
		734D39F328DDEDD90061DC6D /* z_mount.h */ = {isa = PBXFileReference; fileEncoding = 4; lastKnownFileType = sourcecode.c.h; path = z_mount.h; sourceTree = "<group>"; };
		734D39F428DDEDD90061DC6D /* z_syscall.c */ = {isa = PBXFileReference; fileEncoding = 4; lastKnownFileType = sourcecode.c.c; path = z_syscall.c; sourceTree = "<group>"; };
		734D39F528DDEDD90061DC6D /* z_sysctl.h */ = {isa = PBXFileReference; fileEncoding = 4; lastKnownFileType = sourcecode.c.h; path = z_sysctl.h; sourceTree = "<group>"; };
		734D39F628DDEDD90061DC6D /* z_error.h */ = {isa = PBXFileReference; fileEncoding = 4; lastKnownFileType = sourcecode.c.h; path = z_error.h; sourceTree = "<group>"; };
		734D39F728DDEDD90061DC6D /* z_mman.h */ = {isa = PBXFileReference; fileEncoding = 4; lastKnownFileType = sourcecode.c.h; path = z_mman.h; sourceTree = "<group>"; };
		734D39F828DDEDD90061DC6D /* z_lock.h */ = {isa = PBXFileReference; fileEncoding = 4; lastKnownFileType = sourcecode.c.h; path = z_lock.h; sourceTree = "<group>"; };
		734D39F928DDEDDA0061DC6D /* z_mman.c */ = {isa = PBXFileReference; fileEncoding = 4; lastKnownFileType = sourcecode.c.c; path = z_mman.c; sourceTree = "<group>"; };
		734D39FA28DDEDDA0061DC6D /* z_mach_trap.h */ = {isa = PBXFileReference; fileEncoding = 4; lastKnownFileType = sourcecode.c.h; path = z_mach_trap.h; sourceTree = "<group>"; };
		734D39FB28DDEDDA0061DC6D /* z_semaphore.c */ = {isa = PBXFileReference; fileEncoding = 4; lastKnownFileType = sourcecode.c.c; path = z_semaphore.c; sourceTree = "<group>"; };
		734D39FC28DDEDDA0061DC6D /* z_stdio.c */ = {isa = PBXFileReference; fileEncoding = 4; lastKnownFileType = sourcecode.c.c; path = z_stdio.c; sourceTree = "<group>"; };
		734D39FD28DDEDDA0061DC6D /* z_fcntl.h */ = {isa = PBXFileReference; fileEncoding = 4; lastKnownFileType = sourcecode.c.h; path = z_fcntl.h; sourceTree = "<group>"; };
		734D39FE28DDEDDA0061DC6D /* z_termios.h */ = {isa = PBXFileReference; fileEncoding = 4; lastKnownFileType = sourcecode.c.h; path = z_termios.h; sourceTree = "<group>"; };
		734D39FF28DDEDDA0061DC6D /* z_resource.h */ = {isa = PBXFileReference; fileEncoding = 4; lastKnownFileType = sourcecode.c.h; path = z_resource.h; sourceTree = "<group>"; };
		734D3A0028DDEDDA0061DC6D /* z_tsd.c */ = {isa = PBXFileReference; fileEncoding = 4; lastKnownFileType = sourcecode.c.c; path = z_tsd.c; sourceTree = "<group>"; };
		734D3A0128DDEDDA0061DC6D /* z_select.h */ = {isa = PBXFileReference; fileEncoding = 4; lastKnownFileType = sourcecode.c.h; path = z_select.h; sourceTree = "<group>"; };
		734D3A0228DDEDDA0061DC6D /* z_mach.c */ = {isa = PBXFileReference; fileEncoding = 4; lastKnownFileType = sourcecode.c.c; path = z_mach.c; sourceTree = "<group>"; };
		734D3A0328DDEDDA0061DC6D /* z_select.c */ = {isa = PBXFileReference; fileEncoding = 4; lastKnownFileType = sourcecode.c.c; path = z_select.c; sourceTree = "<group>"; };
		734D3A0428DDEDDA0061DC6D /* z_ptrace.c */ = {isa = PBXFileReference; fileEncoding = 4; lastKnownFileType = sourcecode.c.c; path = z_ptrace.c; sourceTree = "<group>"; };
		734D3A0528DDEDDA0061DC6D /* z_mach.h */ = {isa = PBXFileReference; fileEncoding = 4; lastKnownFileType = sourcecode.c.h; path = z_mach.h; sourceTree = "<group>"; };
		734D3A0628DDEDDA0061DC6D /* z_stdio.h */ = {isa = PBXFileReference; fileEncoding = 4; lastKnownFileType = sourcecode.c.h; path = z_stdio.h; sourceTree = "<group>"; };
		734D3A0728DDEDDA0061DC6D /* z_ioctl.c */ = {isa = PBXFileReference; fileEncoding = 4; lastKnownFileType = sourcecode.c.c; path = z_ioctl.c; sourceTree = "<group>"; };
		734D3A0828DDEDDA0061DC6D /* z_lock.c */ = {isa = PBXFileReference; fileEncoding = 4; lastKnownFileType = sourcecode.c.c; path = z_lock.c; sourceTree = "<group>"; };
		734D3A0928DDEDDA0061DC6D /* z_syscall.S */ = {isa = PBXFileReference; fileEncoding = 4; lastKnownFileType = sourcecode.asm; path = z_syscall.S; sourceTree = "<group>"; };
		734D3A0A28DDEDDA0061DC6D /* z_uccontext.s */ = {isa = PBXFileReference; fileEncoding = 4; lastKnownFileType = sourcecode.asm; path = z_uccontext.s; sourceTree = "<group>"; };
		734D3A0B28DDEDDA0061DC6D /* z_socket.h */ = {isa = PBXFileReference; fileEncoding = 4; lastKnownFileType = sourcecode.c.h; path = z_socket.h; sourceTree = "<group>"; };
		734D3A0C28DDEDDA0061DC6D /* z_unistd.c */ = {isa = PBXFileReference; fileEncoding = 4; lastKnownFileType = sourcecode.c.c; path = z_unistd.c; sourceTree = "<group>"; };
		734D3A0D28DDEDDA0061DC6D /* z_shm.h */ = {isa = PBXFileReference; fileEncoding = 4; lastKnownFileType = sourcecode.c.h; path = z_shm.h; sourceTree = "<group>"; };
		734D3A0E28DDEDDA0061DC6D /* z_tsd.h */ = {isa = PBXFileReference; fileEncoding = 4; lastKnownFileType = sourcecode.c.h; path = z_tsd.h; sourceTree = "<group>"; };
		734D3A0F28DDEDDA0061DC6D /* z_uccontext.h */ = {isa = PBXFileReference; fileEncoding = 4; lastKnownFileType = sourcecode.c.h; path = z_uccontext.h; sourceTree = "<group>"; };
		734D3A1028DDEDDA0061DC6D /* z_machO.c */ = {isa = PBXFileReference; fileEncoding = 4; lastKnownFileType = sourcecode.c.c; path = z_machO.c; sourceTree = "<group>"; };
		734D3A1128DDEDDA0061DC6D /* z_ioctl.h */ = {isa = PBXFileReference; fileEncoding = 4; lastKnownFileType = sourcecode.c.h; path = z_ioctl.h; sourceTree = "<group>"; };
		734D3A1228DDEDDA0061DC6D /* z_wait.h */ = {isa = PBXFileReference; fileEncoding = 4; lastKnownFileType = sourcecode.c.h; path = z_wait.h; sourceTree = "<group>"; };
		734D3A1328DDEDDB0061DC6D /* z_malloc.h */ = {isa = PBXFileReference; fileEncoding = 4; lastKnownFileType = sourcecode.c.h; path = z_malloc.h; sourceTree = "<group>"; };
		734D3A1428DDEDDB0061DC6D /* z_machO.h */ = {isa = PBXFileReference; fileEncoding = 4; lastKnownFileType = sourcecode.c.h; path = z_machO.h; sourceTree = "<group>"; };
		734D3A1528DDEDDB0061DC6D /* z_termios.c */ = {isa = PBXFileReference; fileEncoding = 4; lastKnownFileType = sourcecode.c.c; path = z_termios.c; sourceTree = "<group>"; };
		734D3A1628DDEDDB0061DC6D /* z_utils.h */ = {isa = PBXFileReference; fileEncoding = 4; lastKnownFileType = sourcecode.c.h; path = z_utils.h; sourceTree = "<group>"; };
		734D3A1728DDEDDB0061DC6D /* z_syscall.h */ = {isa = PBXFileReference; fileEncoding = 4; lastKnownFileType = sourcecode.c.h; path = z_syscall.h; sourceTree = "<group>"; };
		734D3A1828DDEDDB0061DC6D /* z_mach_trap.c */ = {isa = PBXFileReference; fileEncoding = 4; lastKnownFileType = sourcecode.c.c; path = z_mach_trap.c; sourceTree = "<group>"; };
		734D3A1928DDEDDB0061DC6D /* z_main.c */ = {isa = PBXFileReference; fileEncoding = 4; lastKnownFileType = sourcecode.c.c; path = z_main.c; sourceTree = "<group>"; };
		734D3A1A28DDEDDB0061DC6D /* z_ptrace.h */ = {isa = PBXFileReference; fileEncoding = 4; lastKnownFileType = sourcecode.c.h; path = z_ptrace.h; sourceTree = "<group>"; };
		734D3A1B28DDEDDB0061DC6D /* z_types.h */ = {isa = PBXFileReference; fileEncoding = 4; lastKnownFileType = sourcecode.c.h; path = z_types.h; sourceTree = "<group>"; };
		734D3A1C28DDEDDB0061DC6D /* z_stat.c */ = {isa = PBXFileReference; fileEncoding = 4; lastKnownFileType = sourcecode.c.c; path = z_stat.c; sourceTree = "<group>"; };
		734D3A1D28DDEDDB0061DC6D /* z_sysctl.c */ = {isa = PBXFileReference; fileEncoding = 4; lastKnownFileType = sourcecode.c.c; path = z_sysctl.c; sourceTree = "<group>"; };
		734D3A1E28DDEDDB0061DC6D /* z_unistd.h */ = {isa = PBXFileReference; fileEncoding = 4; lastKnownFileType = sourcecode.c.h; path = z_unistd.h; sourceTree = "<group>"; };
		734D3A1F28DDEDDB0061DC6D /* z_time.c */ = {isa = PBXFileReference; fileEncoding = 4; lastKnownFileType = sourcecode.c.c; path = z_time.c; sourceTree = "<group>"; };
		734D3A2028DDEDDB0061DC6D /* z_time.h */ = {isa = PBXFileReference; fileEncoding = 4; lastKnownFileType = sourcecode.c.h; path = z_time.h; sourceTree = "<group>"; };
		734D3A2128DDEDDB0061DC6D /* z_string.h */ = {isa = PBXFileReference; fileEncoding = 4; lastKnownFileType = sourcecode.c.h; path = z_string.h; sourceTree = "<group>"; };
		734D3A2228DDEDDB0061DC6D /* z_malloc.c */ = {isa = PBXFileReference; fileEncoding = 4; lastKnownFileType = sourcecode.c.c; path = z_malloc.c; sourceTree = "<group>"; };
		734D3A2328DDEDDB0061DC6D /* z_signal.c */ = {isa = PBXFileReference; fileEncoding = 4; lastKnownFileType = sourcecode.c.c; path = z_signal.c; sourceTree = "<group>"; };
		734D3A6A28DE0B6B0061DC6D /* z_pthread_tsd.c */ = {isa = PBXFileReference; fileEncoding = 4; lastKnownFileType = sourcecode.c.c; path = z_pthread_tsd.c; sourceTree = "<group>"; };
		734D3A6B28DE0B6B0061DC6D /* z_pthread_tsd.h */ = {isa = PBXFileReference; fileEncoding = 4; lastKnownFileType = sourcecode.c.h; path = z_pthread_tsd.h; sourceTree = "<group>"; };
		734D3A6C28DE0B6B0061DC6D /* z_pthread_tlv.c */ = {isa = PBXFileReference; fileEncoding = 4; lastKnownFileType = sourcecode.c.c; path = z_pthread_tlv.c; sourceTree = "<group>"; };
		734D3A6D28DE0B6B0061DC6D /* z_pthread.h */ = {isa = PBXFileReference; fileEncoding = 4; lastKnownFileType = sourcecode.c.h; path = z_pthread.h; sourceTree = "<group>"; };
		734D3A6E28DE0B6B0061DC6D /* z_pthread_tlv.h */ = {isa = PBXFileReference; fileEncoding = 4; lastKnownFileType = sourcecode.c.h; path = z_pthread_tlv.h; sourceTree = "<group>"; };
		734D3A6F28DE0B6B0061DC6D /* z_pthread.c */ = {isa = PBXFileReference; fileEncoding = 4; lastKnownFileType = sourcecode.c.c; path = z_pthread.c; sourceTree = "<group>"; };
		734D3A7028DE0B6B0061DC6D /* z_pthread.S */ = {isa = PBXFileReference; fileEncoding = 4; lastKnownFileType = sourcecode.asm; path = z_pthread.S; sourceTree = "<group>"; };
/* End PBXFileReference section */

/* Begin PBXFrameworksBuildPhase section */
		734D394028DD8A860061DC6D /* Frameworks */ = {
			isa = PBXFrameworksBuildPhase;
			buildActionMask = 2147483647;
			files = (
			);
			runOnlyForDeploymentPostprocessing = 0;
		};
/* End PBXFrameworksBuildPhase section */

/* Begin PBXGroup section */
		734D393928DD8A860061DC6D = {
			isa = PBXGroup;
			children = (
				734D394428DD8A860061DC6D /* Products */,
				734D394528DD8A860061DC6D /* SystemCall */,
			);
			sourceTree = "<group>";
		};
		734D394428DD8A860061DC6D /* Products */ = {
			isa = PBXGroup;
			children = (
				734D394328DD8A860061DC6D /* SystemCall.framework */,
			);
			name = Products;
			sourceTree = "<group>";
		};
		734D394528DD8A860061DC6D /* SystemCall */ = {
			isa = PBXGroup;
			children = (
				734D394D28DD8ACE0061DC6D /* SystemCall.h */,
				734D39EE28DDEDD90061DC6D /* z_atexit.c */,
				734D39E428DDEDD90061DC6D /* z_atexit.h */,
				734D39EF28DDEDD90061DC6D /* z_dirent.c */,
				734D39E028DDEDD90061DC6D /* z_dirent.h */,
				734D39F128DDEDD90061DC6D /* z_error.c */,
				734D39F628DDEDD90061DC6D /* z_error.h */,
				734D39ED28DDEDD90061DC6D /* z_fcntl.c */,
				734D39FD28DDEDDA0061DC6D /* z_fcntl.h */,
				734D39F028DDEDD90061DC6D /* z_fork.s */,
				734D3A0728DDEDDA0061DC6D /* z_ioctl.c */,
				734D3A1128DDEDDA0061DC6D /* z_ioctl.h */,
				734D3A0828DDEDDA0061DC6D /* z_lock.c */,
				734D39F828DDEDD90061DC6D /* z_lock.h */,
				734D3A1828DDEDDB0061DC6D /* z_mach_trap.c */,
				734D39FA28DDEDDA0061DC6D /* z_mach_trap.h */,
				734D3A0228DDEDDA0061DC6D /* z_mach.c */,
				734D3A0528DDEDDA0061DC6D /* z_mach.h */,
				734D39E728DDEDD90061DC6D /* z_mach.S */,
				734D3A1028DDEDDA0061DC6D /* z_machO.c */,
				734D3A1428DDEDDB0061DC6D /* z_machO.h */,
				734D3A1928DDEDDB0061DC6D /* z_main.c */,
				734D3A2228DDEDDB0061DC6D /* z_malloc.c */,
				734D3A1328DDEDDB0061DC6D /* z_malloc.h */,
				734D39F928DDEDDA0061DC6D /* z_mman.c */,
				734D39F728DDEDD90061DC6D /* z_mman.h */,
				734D39E128DDEDD90061DC6D /* z_mount.c */,
				734D39F328DDEDD90061DC6D /* z_mount.h */,
				734D3A6C28DE0B6B0061DC6D /* z_pthread_tlv.c */,
				734D3A6E28DE0B6B0061DC6D /* z_pthread_tlv.h */,
				734D3A6A28DE0B6B0061DC6D /* z_pthread_tsd.c */,
				734D3A6B28DE0B6B0061DC6D /* z_pthread_tsd.h */,
				734D3A6F28DE0B6B0061DC6D /* z_pthread.c */,
				734D3A6D28DE0B6B0061DC6D /* z_pthread.h */,
				734D3A7028DE0B6B0061DC6D /* z_pthread.S */,
				734D3A0428DDEDDA0061DC6D /* z_ptrace.c */,
				734D3A1A28DDEDDB0061DC6D /* z_ptrace.h */,
				734D39EC28DDEDD90061DC6D /* z_resource.c */,
				734D39FF28DDEDDA0061DC6D /* z_resource.h */,
				734D3A0328DDEDDA0061DC6D /* z_select.c */,
				734D3A0128DDEDDA0061DC6D /* z_select.h */,
				734D39FB28DDEDDA0061DC6D /* z_semaphore.c */,
				734D39E828DDEDD90061DC6D /* z_semaphore.h */,
				734D39E528DDEDD90061DC6D /* z_shm.c */,
				734D3A0D28DDEDDA0061DC6D /* z_shm.h */,
				734D3A2328DDEDDB0061DC6D /* z_signal.c */,
				734D39E228DDEDD90061DC6D /* z_signal.h */,
				734D39E628DDEDD90061DC6D /* z_socket.c */,
				734D3A0B28DDEDDA0061DC6D /* z_socket.h */,
				734D3A1C28DDEDDB0061DC6D /* z_stat.c */,
				734D39DE28DDEDD80061DC6D /* z_stat.h */,
				734D39FC28DDEDDA0061DC6D /* z_stdio.c */,
				734D3A0628DDEDDA0061DC6D /* z_stdio.h */,
				734D39EB28DDEDD90061DC6D /* z_stdlib.c */,
				734D39E328DDEDD90061DC6D /* z_stdlib.h */,
				734D39F228DDEDD90061DC6D /* z_string.c */,
				734D3A2128DDEDDB0061DC6D /* z_string.h */,
				734D39F428DDEDD90061DC6D /* z_syscall.c */,
				734D3A1728DDEDDB0061DC6D /* z_syscall.h */,
				734D3A0928DDEDDA0061DC6D /* z_syscall.S */,
				734D3A1D28DDEDDB0061DC6D /* z_sysctl.c */,
				734D39F528DDEDD90061DC6D /* z_sysctl.h */,
				734D3A1528DDEDDB0061DC6D /* z_termios.c */,
				734D39FE28DDEDDA0061DC6D /* z_termios.h */,
				734D3A1F28DDEDDB0061DC6D /* z_time.c */,
				734D3A2028DDEDDB0061DC6D /* z_time.h */,
				734D3A0028DDEDDA0061DC6D /* z_tsd.c */,
				734D3A0E28DDEDDA0061DC6D /* z_tsd.h */,
				734D3A1B28DDEDDB0061DC6D /* z_types.h */,
				734D39E928DDEDD90061DC6D /* z_uccontext.c */,
				734D3A0F28DDEDDA0061DC6D /* z_uccontext.h */,
				734D3A0A28DDEDDA0061DC6D /* z_uccontext.s */,
				734D3A0C28DDEDDA0061DC6D /* z_unistd.c */,
				734D3A1E28DDEDDB0061DC6D /* z_unistd.h */,
				734D39EA28DDEDD90061DC6D /* z_utils.c */,
				734D3A1628DDEDDB0061DC6D /* z_utils.h */,
				734D39DF28DDEDD80061DC6D /* z_wait.c */,
				734D3A1228DDEDDA0061DC6D /* z_wait.h */,
			);
			path = SystemCall;
			sourceTree = "<group>";
		};
/* End PBXGroup section */

/* Begin PBXHeadersBuildPhase section */
		734D393E28DD8A860061DC6D /* Headers */ = {
			isa = PBXHeadersBuildPhase;
			buildActionMask = 2147483647;
			files = (
				734D3A3D28DDEDDB0061DC6D /* z_mman.h in Headers */,
				734D3A5428DDEDDB0061DC6D /* z_tsd.h in Headers */,
				734D3A6728DDEDDB0061DC6D /* z_string.h in Headers */,
				734D3A6628DDEDDB0061DC6D /* z_time.h in Headers */,
				734D3A6128DDEDDB0061DC6D /* z_types.h in Headers */,
				734D3A4028DDEDDB0061DC6D /* z_mach_trap.h in Headers */,
				734D3A5D28DDEDDB0061DC6D /* z_syscall.h in Headers */,
				734D3A5828DDEDDB0061DC6D /* z_wait.h in Headers */,
				734D3A2928DDEDDB0061DC6D /* z_stdlib.h in Headers */,
				734D3A5328DDEDDB0061DC6D /* z_shm.h in Headers */,
				734D3A4528DDEDDB0061DC6D /* z_resource.h in Headers */,
				734D3A4B28DDEDDB0061DC6D /* z_mach.h in Headers */,
				734D3A3B28DDEDDB0061DC6D /* z_sysctl.h in Headers */,
				734D3A6028DDEDDB0061DC6D /* z_ptrace.h in Headers */,
				734D3A5928DDEDDB0061DC6D /* z_malloc.h in Headers */,
				734D3A4C28DDEDDB0061DC6D /* z_stdio.h in Headers */,
				734D3A3C28DDEDDB0061DC6D /* z_error.h in Headers */,
				734D3A3E28DDEDDB0061DC6D /* z_lock.h in Headers */,
				734D3A6428DDEDDB0061DC6D /* z_unistd.h in Headers */,
				734D3A2628DDEDDB0061DC6D /* z_dirent.h in Headers */,
				734D3A5128DDEDDB0061DC6D /* z_socket.h in Headers */,
				734D3A2A28DDEDDB0061DC6D /* z_atexit.h in Headers */,
				734D3A4728DDEDDB0061DC6D /* z_select.h in Headers */,
				734D3A5C28DDEDDB0061DC6D /* z_utils.h in Headers */,
				734D3A3928DDEDDB0061DC6D /* z_mount.h in Headers */,
				734D3A4428DDEDDB0061DC6D /* z_termios.h in Headers */,
				734D399528DD8ACE0061DC6D /* SystemCall.h in Headers */,
				734D3A5528DDEDDB0061DC6D /* z_uccontext.h in Headers */,
				734D3A5728DDEDDB0061DC6D /* z_ioctl.h in Headers */,
				734D3A2E28DDEDDB0061DC6D /* z_semaphore.h in Headers */,
				734D3A7228DE0B6B0061DC6D /* z_pthread_tsd.h in Headers */,
				734D3A7528DE0B6B0061DC6D /* z_pthread_tlv.h in Headers */,
				734D3A7428DE0B6B0061DC6D /* z_pthread.h in Headers */,
				734D3A2428DDEDDB0061DC6D /* z_stat.h in Headers */,
				734D3A2828DDEDDB0061DC6D /* z_signal.h in Headers */,
				734D3A5A28DDEDDB0061DC6D /* z_machO.h in Headers */,
				734D3A4328DDEDDB0061DC6D /* z_fcntl.h in Headers */,
			);
			runOnlyForDeploymentPostprocessing = 0;
		};
/* End PBXHeadersBuildPhase section */

/* Begin PBXNativeTarget section */
		734D394228DD8A860061DC6D /* SystemCall */ = {
			isa = PBXNativeTarget;
			buildConfigurationList = 734D394A28DD8A860061DC6D /* Build configuration list for PBXNativeTarget "SystemCall" */;
			buildPhases = (
				734D393E28DD8A860061DC6D /* Headers */,
				734D393F28DD8A860061DC6D /* Sources */,
				734D394028DD8A860061DC6D /* Frameworks */,
				734D394128DD8A860061DC6D /* Resources */,
			);
			buildRules = (
			);
			dependencies = (
			);
			name = SystemCall;
			productName = SystemCall;
			productReference = 734D394328DD8A860061DC6D /* SystemCall.framework */;
			productType = "com.apple.product-type.framework";
		};
/* End PBXNativeTarget section */

/* Begin PBXProject section */
		734D393A28DD8A860061DC6D /* Project object */ = {
			isa = PBXProject;
			attributes = {
				BuildIndependentTargetsInParallel = 1;
				LastUpgradeCheck = 1400;
				TargetAttributes = {
					734D394228DD8A860061DC6D = {
						CreatedOnToolsVersion = 14.0;
					};
				};
			};
			buildConfigurationList = 734D393D28DD8A860061DC6D /* Build configuration list for PBXProject "SystemCall" */;
			compatibilityVersion = "Xcode 14.0";
			developmentRegion = en;
			hasScannedForEncodings = 0;
			knownRegions = (
				en,
				Base,
			);
			mainGroup = 734D393928DD8A860061DC6D;
			productRefGroup = 734D394428DD8A860061DC6D /* Products */;
			projectDirPath = "";
			projectRoot = "";
			targets = (
				734D394228DD8A860061DC6D /* SystemCall */,
			);
		};
/* End PBXProject section */

/* Begin PBXResourcesBuildPhase section */
		734D394128DD8A860061DC6D /* Resources */ = {
			isa = PBXResourcesBuildPhase;
			buildActionMask = 2147483647;
			files = (
			);
			runOnlyForDeploymentPostprocessing = 0;
		};
/* End PBXResourcesBuildPhase section */

/* Begin PBXSourcesBuildPhase section */
		734D393F28DD8A860061DC6D /* Sources */ = {
			isa = PBXSourcesBuildPhase;
			buildActionMask = 2147483647;
			files = (
				734D3A4828DDEDDB0061DC6D /* z_mach.c in Sources */,
				734D3A4628DDEDDB0061DC6D /* z_tsd.c in Sources */,
				734D3A5E28DDEDDB0061DC6D /* z_mach_trap.c in Sources */,
				734D3A3A28DDEDDB0061DC6D /* z_syscall.c in Sources */,
				734D3A5228DDEDDB0061DC6D /* z_unistd.c in Sources */,
				734D3A7728DE0B6C0061DC6D /* z_pthread.S in Sources */,
				734D3A7628DE0B6C0061DC6D /* z_pthread.c in Sources */,
				734D3A3228DDEDDB0061DC6D /* z_resource.c in Sources */,
				734D3A4F28DDEDDB0061DC6D /* z_syscall.S in Sources */,
				734D3A7328DE0B6B0061DC6D /* z_pthread_tlv.c in Sources */,
				734D3A3028DDEDDB0061DC6D /* z_utils.c in Sources */,
				734D3A3F28DDEDDB0061DC6D /* z_mman.c in Sources */,
				734D3A7128DE0B6B0061DC6D /* z_pthread_tsd.c in Sources */,
				734D3A3528DDEDDB0061DC6D /* z_dirent.c in Sources */,
				734D3A5028DDEDDB0061DC6D /* z_uccontext.s in Sources */,
				734D3A3728DDEDDB0061DC6D /* z_error.c in Sources */,
				734D3A4928DDEDDB0061DC6D /* z_select.c in Sources */,
				734D3A4228DDEDDB0061DC6D /* z_stdio.c in Sources */,
				734D3A2B28DDEDDB0061DC6D /* z_shm.c in Sources */,
				734D3A4128DDEDDB0061DC6D /* z_semaphore.c in Sources */,
				734D3A2C28DDEDDB0061DC6D /* z_socket.c in Sources */,
				734D3A3628DDEDDB0061DC6D /* z_fork.s in Sources */,
				734D3A6328DDEDDB0061DC6D /* z_sysctl.c in Sources */,
				734D3A2F28DDEDDB0061DC6D /* z_uccontext.c in Sources */,
				734D3A2728DDEDDB0061DC6D /* z_mount.c in Sources */,
				734D3A6928DDEDDB0061DC6D /* z_signal.c in Sources */,
				734D3A4A28DDEDDB0061DC6D /* z_ptrace.c in Sources */,
				734D3A2528DDEDDB0061DC6D /* z_wait.c in Sources */,
				734D3A5628DDEDDB0061DC6D /* z_machO.c in Sources */,
				734D3A6828DDEDDB0061DC6D /* z_malloc.c in Sources */,
				734D3A5F28DDEDDB0061DC6D /* z_main.c in Sources */,
				734D3A3828DDEDDB0061DC6D /* z_string.c in Sources */,
				734D3A3128DDEDDB0061DC6D /* z_stdlib.c in Sources */,
				734D3A6528DDEDDB0061DC6D /* z_time.c in Sources */,
				734D3A5B28DDEDDB0061DC6D /* z_termios.c in Sources */,
				734D3A4E28DDEDDB0061DC6D /* z_lock.c in Sources */,
				734D3A3328DDEDDB0061DC6D /* z_fcntl.c in Sources */,
				734D3A2D28DDEDDB0061DC6D /* z_mach.S in Sources */,
				734D3A4D28DDEDDB0061DC6D /* z_ioctl.c in Sources */,
				734D3A6228DDEDDB0061DC6D /* z_stat.c in Sources */,
				734D3A3428DDEDDB0061DC6D /* z_atexit.c in Sources */,
			);
			runOnlyForDeploymentPostprocessing = 0;
		};
/* End PBXSourcesBuildPhase section */

/* Begin XCBuildConfiguration section */
		734D394828DD8A860061DC6D /* Debug */ = {
			isa = XCBuildConfiguration;
			buildSettings = {
				ALWAYS_SEARCH_USER_PATHS = NO;
				CLANG_ANALYZER_NONNULL = YES;
				CLANG_ANALYZER_NUMBER_OBJECT_CONVERSION = YES_AGGRESSIVE;
				CLANG_CXX_LANGUAGE_STANDARD = "gnu++20";
				CLANG_ENABLE_MODULES = YES;
				CLANG_ENABLE_OBJC_ARC = YES;
				CLANG_ENABLE_OBJC_WEAK = YES;
				CLANG_WARN_BLOCK_CAPTURE_AUTORELEASING = YES;
				CLANG_WARN_BOOL_CONVERSION = YES;
				CLANG_WARN_COMMA = YES;
				CLANG_WARN_CONSTANT_CONVERSION = YES;
				CLANG_WARN_DEPRECATED_OBJC_IMPLEMENTATIONS = YES;
				CLANG_WARN_DIRECT_OBJC_ISA_USAGE = YES_ERROR;
				CLANG_WARN_DOCUMENTATION_COMMENTS = YES;
				CLANG_WARN_EMPTY_BODY = YES;
				CLANG_WARN_ENUM_CONVERSION = YES;
				CLANG_WARN_INFINITE_RECURSION = YES;
				CLANG_WARN_INT_CONVERSION = YES;
				CLANG_WARN_NON_LITERAL_NULL_CONVERSION = YES;
				CLANG_WARN_OBJC_IMPLICIT_RETAIN_SELF = YES;
				CLANG_WARN_OBJC_LITERAL_CONVERSION = YES;
				CLANG_WARN_OBJC_ROOT_CLASS = YES_ERROR;
				CLANG_WARN_QUOTED_INCLUDE_IN_FRAMEWORK_HEADER = YES;
				CLANG_WARN_RANGE_LOOP_ANALYSIS = YES;
				CLANG_WARN_STRICT_PROTOTYPES = YES;
				CLANG_WARN_SUSPICIOUS_MOVE = YES;
				CLANG_WARN_UNGUARDED_AVAILABILITY = YES_AGGRESSIVE;
				CLANG_WARN_UNREACHABLE_CODE = YES;
				CLANG_WARN__DUPLICATE_METHOD_MATCH = YES;
				COPY_PHASE_STRIP = NO;
				CURRENT_PROJECT_VERSION = 1;
				DEBUG_INFORMATION_FORMAT = dwarf;
				ENABLE_STRICT_OBJC_MSGSEND = YES;
				ENABLE_TESTABILITY = YES;
				GCC_C_LANGUAGE_STANDARD = gnu11;
				GCC_DYNAMIC_NO_PIC = NO;
				GCC_NO_COMMON_BLOCKS = YES;
				GCC_OPTIMIZATION_LEVEL = 0;
				GCC_PREPROCESSOR_DEFINITIONS = (
					"DEBUG=1",
					"$(inherited)",
				);
				GCC_WARN_64_TO_32_BIT_CONVERSION = YES;
				GCC_WARN_ABOUT_RETURN_TYPE = YES_ERROR;
				GCC_WARN_UNDECLARED_SELECTOR = YES;
				GCC_WARN_UNINITIALIZED_AUTOS = YES_AGGRESSIVE;
				GCC_WARN_UNUSED_FUNCTION = YES;
				GCC_WARN_UNUSED_VARIABLE = YES;
				MACOSX_DEPLOYMENT_TARGET = 10.10;
				MTL_ENABLE_DEBUG_INFO = INCLUDE_SOURCE;
				MTL_FAST_MATH = YES;
				ONLY_ACTIVE_ARCH = YES;
				SDKROOT = macosx;
				VERSIONING_SYSTEM = "apple-generic";
				VERSION_INFO_PREFIX = "";
			};
			name = Debug;
		};
		734D394928DD8A860061DC6D /* Release */ = {
			isa = XCBuildConfiguration;
			buildSettings = {
				ALWAYS_SEARCH_USER_PATHS = NO;
				CLANG_ANALYZER_NONNULL = YES;
				CLANG_ANALYZER_NUMBER_OBJECT_CONVERSION = YES_AGGRESSIVE;
				CLANG_CXX_LANGUAGE_STANDARD = "gnu++20";
				CLANG_ENABLE_MODULES = YES;
				CLANG_ENABLE_OBJC_ARC = YES;
				CLANG_ENABLE_OBJC_WEAK = YES;
				CLANG_WARN_BLOCK_CAPTURE_AUTORELEASING = YES;
				CLANG_WARN_BOOL_CONVERSION = YES;
				CLANG_WARN_COMMA = YES;
				CLANG_WARN_CONSTANT_CONVERSION = YES;
				CLANG_WARN_DEPRECATED_OBJC_IMPLEMENTATIONS = YES;
				CLANG_WARN_DIRECT_OBJC_ISA_USAGE = YES_ERROR;
				CLANG_WARN_DOCUMENTATION_COMMENTS = YES;
				CLANG_WARN_EMPTY_BODY = YES;
				CLANG_WARN_ENUM_CONVERSION = YES;
				CLANG_WARN_INFINITE_RECURSION = YES;
				CLANG_WARN_INT_CONVERSION = YES;
				CLANG_WARN_NON_LITERAL_NULL_CONVERSION = YES;
				CLANG_WARN_OBJC_IMPLICIT_RETAIN_SELF = YES;
				CLANG_WARN_OBJC_LITERAL_CONVERSION = YES;
				CLANG_WARN_OBJC_ROOT_CLASS = YES_ERROR;
				CLANG_WARN_QUOTED_INCLUDE_IN_FRAMEWORK_HEADER = YES;
				CLANG_WARN_RANGE_LOOP_ANALYSIS = YES;
				CLANG_WARN_STRICT_PROTOTYPES = YES;
				CLANG_WARN_SUSPICIOUS_MOVE = YES;
				CLANG_WARN_UNGUARDED_AVAILABILITY = YES_AGGRESSIVE;
				CLANG_WARN_UNREACHABLE_CODE = YES;
				CLANG_WARN__DUPLICATE_METHOD_MATCH = YES;
				COPY_PHASE_STRIP = NO;
				CURRENT_PROJECT_VERSION = 1;
				DEBUG_INFORMATION_FORMAT = "dwarf-with-dsym";
				ENABLE_NS_ASSERTIONS = NO;
				ENABLE_STRICT_OBJC_MSGSEND = YES;
				GCC_C_LANGUAGE_STANDARD = gnu11;
				GCC_NO_COMMON_BLOCKS = YES;
				GCC_WARN_64_TO_32_BIT_CONVERSION = YES;
				GCC_WARN_ABOUT_RETURN_TYPE = YES_ERROR;
				GCC_WARN_UNDECLARED_SELECTOR = YES;
				GCC_WARN_UNINITIALIZED_AUTOS = YES_AGGRESSIVE;
				GCC_WARN_UNUSED_FUNCTION = YES;
				GCC_WARN_UNUSED_VARIABLE = YES;
				MACOSX_DEPLOYMENT_TARGET = 10.10;
				MTL_ENABLE_DEBUG_INFO = NO;
				MTL_FAST_MATH = YES;
				SDKROOT = macosx;
				VERSIONING_SYSTEM = "apple-generic";
				VERSION_INFO_PREFIX = "";
			};
			name = Release;
		};
		734D394B28DD8A860061DC6D /* Debug */ = {
			isa = XCBuildConfiguration;
			buildSettings = {
				CODE_SIGN_STYLE = Automatic;
				COMBINE_HIDPI_IMAGES = YES;
				CURRENT_PROJECT_VERSION = 1;
				DEFINES_MODULE = YES;
				DYLIB_COMPATIBILITY_VERSION = 1;
				DYLIB_CURRENT_VERSION = 1;
				DYLIB_INSTALL_NAME_BASE = "@rpath";
				GENERATE_INFOPLIST_FILE = YES;
				HEADER_SEARCH_PATHS = "\"$(SRCROOT)/SystemCall\"";
				INFOPLIST_KEY_NSHumanReadableCopyright = "";
				INSTALL_PATH = "$(LOCAL_LIBRARY_DIR)/Frameworks";
				LD_RUNPATH_SEARCH_PATHS = (
					"$(inherited)",
					"@executable_path/../Frameworks",
					"@loader_path/Frameworks",
				);
				MACH_O_TYPE = staticlib;
				MARKETING_VERSION = 1.0;
				OTHER_CFLAGS = (
					"-nostdlib",
					"-nodefaultlibs",
					"-static",
					"-fcf-protection=none",
					"-fno-pie",
					"-fno-stack-protector",
					"-fno-use-cxa-atexit",
				);
				OTHER_LDFLAGS = (
					"-nostdlib",
					"-nodefaultlibs",
					"-static",
					"-fcf-protection=none",
					"-fno-pie",
					"-fno-stack-protector",
					"-fno-use-cxa-atexit",
				);
				PRODUCT_BUNDLE_IDENTIFIER = com.mlearning.SystemCall;
				PRODUCT_NAME = "$(TARGET_NAME:c99extidentifier)";
				SKIP_INSTALL = YES;
				SWIFT_EMIT_LOC_STRINGS = YES;
			};
			name = Debug;
		};
		734D394C28DD8A860061DC6D /* Release */ = {
			isa = XCBuildConfiguration;
			buildSettings = {
				CODE_SIGN_STYLE = Automatic;
				COMBINE_HIDPI_IMAGES = YES;
				CURRENT_PROJECT_VERSION = 1;
				DEFINES_MODULE = YES;
				DYLIB_COMPATIBILITY_VERSION = 1;
				DYLIB_CURRENT_VERSION = 1;
				DYLIB_INSTALL_NAME_BASE = "@rpath";
				GENERATE_INFOPLIST_FILE = YES;
				HEADER_SEARCH_PATHS = "\"$(SRCROOT)/SystemCall\"";
				INFOPLIST_KEY_NSHumanReadableCopyright = "";
				INSTALL_PATH = "$(LOCAL_LIBRARY_DIR)/Frameworks";
				LD_RUNPATH_SEARCH_PATHS = (
					"$(inherited)",
					"@executable_path/../Frameworks",
					"@loader_path/Frameworks",
				);
				MACH_O_TYPE = staticlib;
				MARKETING_VERSION = 1.0;
				OTHER_CFLAGS = (
					"-nostdlib",
					"-nodefaultlibs",
					"-static",
					"-fcf-protection=none",
					"-fno-pie",
					"-fno-stack-protector",
					"-fno-use-cxa-atexit",
				);
				OTHER_LDFLAGS = (
					"-nostdlib",
					"-nodefaultlibs",
					"-static",
					"-fcf-protection=none",
					"-fno-pie",
					"-fno-stack-protector",
					"-fno-use-cxa-atexit",
				);
				PRODUCT_BUNDLE_IDENTIFIER = com.mlearning.SystemCall;
				PRODUCT_NAME = "$(TARGET_NAME:c99extidentifier)";
				SKIP_INSTALL = YES;
				SWIFT_EMIT_LOC_STRINGS = YES;
			};
			name = Release;
		};
/* End XCBuildConfiguration section */

/* Begin XCConfigurationList section */
		734D393D28DD8A860061DC6D /* Build configuration list for PBXProject "SystemCall" */ = {
			isa = XCConfigurationList;
			buildConfigurations = (
				734D394828DD8A860061DC6D /* Debug */,
				734D394928DD8A860061DC6D /* Release */,
			);
			defaultConfigurationIsVisible = 0;
			defaultConfigurationName = Release;
		};
		734D394A28DD8A860061DC6D /* Build configuration list for PBXNativeTarget "SystemCall" */ = {
			isa = XCConfigurationList;
			buildConfigurations = (
				734D394B28DD8A860061DC6D /* Debug */,
				734D394C28DD8A860061DC6D /* Release */,
			);
			defaultConfigurationIsVisible = 0;
			defaultConfigurationName = Release;
		};
/* End XCConfigurationList section */
	};
	rootObject = 734D393A28DD8A860061DC6D /* Project object */;
}
